
Microsoft Visual Studio Solution File, Format Version 12.00
# Visual Studio Version 17
VisualStudioVersion = 17.3.32901.215
MinimumVisualStudioVersion = 10.0.40219.1
Project("{FAE04EC0-301F-11D3-BF4B-00C04F79EFBC}") = "ConsoleAppThreads", "ConsoleAppThreads\ConsoleAppThreads.csproj", "{DAD003DE-B54D-4F3D-B7A6-DBF4C9B76A8F}"
EndProject
Global
	GlobalSection(SolutionConfigurationPlatforms) = preSolution
		Debug|Any CPU = Debug|Any CPU
		Release|Any CPU = Release|Any CPU
	EndGlobalSection
	GlobalSection(ProjectConfigurationPlatforms) = postSolution
		{DAD003DE-B54D-4F3D-B7A6-DBF4C9B76A8F}.Debug|Any CPU.ActiveCfg = Debug|Any CPU
		{DAD003DE-B54D-4F3D-B7A6-DBF4C9B76A8F}.Debug|Any CPU.Build.0 = Debug|Any CPU
		{DAD003DE-B54D-4F3D-B7A6-DBF4C9B76A8F}.Release|Any CPU.ActiveCfg = Release|Any CPU
		{DAD003DE-B54D-4F3D-B7A6-DBF4C9B76A8F}.Release|Any CPU.Build.0 = Release|Any CPU
	EndGlobalSection
	GlobalSection(SolutionProperties) = preSolution
		HideSolutionNode = FALSE
	EndGlobalSection
	GlobalSection(ExtensibilityGlobals) = postSolution
		SolutionGuid = {409D49C9-C1A0-4997-A304-7A6D49419009}
	EndGlobalSection
EndGlobal
